{
  "version": 4,
  "terraform_version": "1.4.4",
  "serial": 19,
  "lineage": "87d1e927-eacc-8378-3d0e-e207c54ff953",
  "outputs": {
    "Username": {
      "value": "admin",
      "type": "string"
    }
  },
  "resources": [
    {
      "mode": "managed",
      "type": "aws_eip",
      "name": "ClusterPublicIP",
      "provider": "provider[\"registry.terraform.io/hashicorp/aws\"]",
      "instances": []
    },
    {
      "mode": "managed",
      "type": "aws_eip",
      "name": "MGMTPublicIP",
      "provider": "provider[\"registry.terraform.io/hashicorp/aws\"]",
      "instances": []
    },
    {
      "mode": "managed",
      "type": "aws_eip",
      "name": "PassiveMGMTPublicIP",
      "provider": "provider[\"registry.terraform.io/hashicorp/aws\"]",
      "instances": []
    },
    {
      "mode": "managed",
      "type": "aws_instance",
      "name": "fgtpassive",
      "provider": "provider[\"registry.terraform.io/hashicorp/aws\"]",
      "instances": []
    },
    {
      "mode": "managed",
      "type": "aws_network_interface",
      "name": "eth0",
      "provider": "provider[\"registry.terraform.io/hashicorp/aws\"]",
      "instances": [
        {
          "schema_version": 0,
          "attributes": {
            "arn": "arn:aws:ec2:us-east-2:363412468025:network-interface/eni-0292adcf105c81b8d",
            "attachment": [],
            "description": "active-port1",
            "id": "eni-0292adcf105c81b8d",
            "interface_type": "interface",
            "ipv4_prefix_count": 0,
            "ipv4_prefixes": [],
            "ipv6_address_count": 0,
            "ipv6_address_list": [],
            "ipv6_address_list_enabled": false,
            "ipv6_addresses": [],
            "ipv6_prefix_count": 0,
            "ipv6_prefixes": [],
            "mac_address": "02:3c:89:2d:3a:91",
            "outpost_arn": "",
            "owner_id": "363412468025",
            "private_dns_name": "",
            "private_ip": "20.1.0.10",
            "private_ip_list": [
              "20.1.0.10"
            ],
            "private_ip_list_enabled": false,
            "private_ips": [
              "20.1.0.10"
            ],
            "private_ips_count": 0,
            "security_groups": [
              "sg-0d4a7252cbd55eb0b"
            ],
            "source_dest_check": true,
            "subnet_id": "subnet-05affaa5d4baf73c5",
            "tags": null,
            "tags_all": {}
          },
          "sensitive_attributes": [],
          "private": "bnVsbA=="
        }
      ]
    },
    {
      "mode": "managed",
      "type": "aws_network_interface",
      "name": "eth1",
      "provider": "provider[\"registry.terraform.io/hashicorp/aws\"]",
      "instances": [
        {
          "schema_version": 0,
          "attributes": {
            "arn": "arn:aws:ec2:us-east-2:363412468025:network-interface/eni-038679c32c252bdbf",
            "attachment": [],
            "description": "active-port2",
            "id": "eni-038679c32c252bdbf",
            "interface_type": "interface",
            "ipv4_prefix_count": 0,
            "ipv4_prefixes": [],
            "ipv6_address_count": 0,
            "ipv6_address_list": [],
            "ipv6_address_list_enabled": false,
            "ipv6_addresses": [],
            "ipv6_prefix_count": 0,
            "ipv6_prefixes": [],
            "mac_address": "02:a8:36:5b:f5:53",
            "outpost_arn": "",
            "owner_id": "363412468025",
            "private_dns_name": "",
            "private_ip": "20.1.1.10",
            "private_ip_list": [
              "20.1.1.10"
            ],
            "private_ip_list_enabled": false,
            "private_ips": [
              "20.1.1.10"
            ],
            "private_ips_count": 0,
            "security_groups": [
              "sg-0d4a7252cbd55eb0b"
            ],
            "source_dest_check": false,
            "subnet_id": "subnet-070f10c6a8557d31a",
            "tags": null,
            "tags_all": {}
          },
          "sensitive_attributes": [],
          "private": "bnVsbA=="
        }
      ]
    },
    {
      "mode": "managed",
      "type": "aws_network_interface",
      "name": "eth2",
      "provider": "provider[\"registry.terraform.io/hashicorp/aws\"]",
      "instances": [
        {
          "schema_version": 0,
          "attributes": {
            "arn": "arn:aws:ec2:us-east-2:363412468025:network-interface/eni-0c3dfc6c0829baaa4",
            "attachment": [],
            "description": "active-port3",
            "id": "eni-0c3dfc6c0829baaa4",
            "interface_type": "interface",
            "ipv4_prefix_count": 0,
            "ipv4_prefixes": [],
            "ipv6_address_count": 0,
            "ipv6_address_list": [],
            "ipv6_address_list_enabled": false,
            "ipv6_addresses": [],
            "ipv6_prefix_count": 0,
            "ipv6_prefixes": [],
            "mac_address": "02:e5:95:39:d1:25",
            "outpost_arn": "",
            "owner_id": "363412468025",
            "private_dns_name": "",
            "private_ip": "20.1.2.10",
            "private_ip_list": [
              "20.1.2.10"
            ],
            "private_ip_list_enabled": false,
            "private_ips": [
              "20.1.2.10"
            ],
            "private_ips_count": 0,
            "security_groups": [
              "sg-0d4a7252cbd55eb0b"
            ],
            "source_dest_check": false,
            "subnet_id": "subnet-0684667f76ea3a958",
            "tags": null,
            "tags_all": {}
          },
          "sensitive_attributes": [],
          "private": "bnVsbA=="
        }
      ]
    },
    {
      "mode": "managed",
      "type": "aws_network_interface",
      "name": "eth3",
      "provider": "provider[\"registry.terraform.io/hashicorp/aws\"]",
      "instances": [
        {
          "schema_version": 0,
          "attributes": {
            "arn": "arn:aws:ec2:us-east-2:363412468025:network-interface/eni-044c92dc0899ff387",
            "attachment": [],
            "description": "active-port4",
            "id": "eni-044c92dc0899ff387",
            "interface_type": "interface",
            "ipv4_prefix_count": 0,
            "ipv4_prefixes": [],
            "ipv6_address_count": 0,
            "ipv6_address_list": [],
            "ipv6_address_list_enabled": false,
            "ipv6_addresses": [],
            "ipv6_prefix_count": 0,
            "ipv6_prefixes": [],
            "mac_address": "02:09:50:c2:f8:3b",
            "outpost_arn": "",
            "owner_id": "363412468025",
            "private_dns_name": "",
            "private_ip": "20.1.3.10",
            "private_ip_list": [
              "20.1.3.10"
            ],
            "private_ip_list_enabled": false,
            "private_ips": [
              "20.1.3.10"
            ],
            "private_ips_count": 0,
            "security_groups": [
              "sg-0d4a7252cbd55eb0b"
            ],
            "source_dest_check": true,
            "subnet_id": "subnet-0d220b35abcc8f9d7",
            "tags": null,
            "tags_all": {}
          },
          "sensitive_attributes": [],
          "private": "bnVsbA=="
        }
      ]
    },
    {
      "mode": "managed",
      "type": "aws_network_interface",
      "name": "passiveeth0",
      "provider": "provider[\"registry.terraform.io/hashicorp/aws\"]",
      "instances": [
        {
          "schema_version": 0,
          "attributes": {
            "arn": "arn:aws:ec2:us-east-2:363412468025:network-interface/eni-0e23eeb3d5f0cf679",
            "attachment": [],
            "description": "passive-port1",
            "id": "eni-0e23eeb3d5f0cf679",
            "interface_type": "interface",
            "ipv4_prefix_count": 0,
            "ipv4_prefixes": [],
            "ipv6_address_count": 0,
            "ipv6_address_list": [],
            "ipv6_address_list_enabled": false,
            "ipv6_addresses": [],
            "ipv6_prefix_count": 0,
            "ipv6_prefixes": [],
            "mac_address": "06:78:f6:90:a4:e9",
            "outpost_arn": "",
            "owner_id": "363412468025",
            "private_dns_name": "",
            "private_ip": "20.1.10.10",
            "private_ip_list": [
              "20.1.10.10"
            ],
            "private_ip_list_enabled": false,
            "private_ips": [
              "20.1.10.10"
            ],
            "private_ips_count": 0,
            "security_groups": [
              "sg-0d4a7252cbd55eb0b"
            ],
            "source_dest_check": true,
            "subnet_id": "subnet-08cb34f3b0df12746",
            "tags": null,
            "tags_all": {}
          },
          "sensitive_attributes": [],
          "private": "bnVsbA=="
        }
      ]
    },
    {
      "mode": "managed",
      "type": "aws_network_interface",
      "name": "passiveeth1",
      "provider": "provider[\"registry.terraform.io/hashicorp/aws\"]",
      "instances": [
        {
          "schema_version": 0,
          "attributes": {
            "arn": "arn:aws:ec2:us-east-2:363412468025:network-interface/eni-071737a60d58d98e7",
            "attachment": [],
            "description": "passive-port2",
            "id": "eni-071737a60d58d98e7",
            "interface_type": "interface",
            "ipv4_prefix_count": 0,
            "ipv4_prefixes": [],
            "ipv6_address_count": 0,
            "ipv6_address_list": [],
            "ipv6_address_list_enabled": false,
            "ipv6_addresses": [],
            "ipv6_prefix_count": 0,
            "ipv6_prefixes": [],
            "mac_address": "06:5b:27:d5:b0:5d",
            "outpost_arn": "",
            "owner_id": "363412468025",
            "private_dns_name": "",
            "private_ip": "20.1.11.10",
            "private_ip_list": [
              "20.1.11.10"
            ],
            "private_ip_list_enabled": false,
            "private_ips": [
              "20.1.11.10"
            ],
            "private_ips_count": 0,
            "security_groups": [
              "sg-0d4a7252cbd55eb0b"
            ],
            "source_dest_check": false,
            "subnet_id": "subnet-0295711a925c613bb",
            "tags": null,
            "tags_all": {}
          },
          "sensitive_attributes": [],
          "private": "bnVsbA=="
        }
      ]
    },
    {
      "mode": "managed",
      "type": "aws_network_interface",
      "name": "passiveeth2",
      "provider": "provider[\"registry.terraform.io/hashicorp/aws\"]",
      "instances": [
        {
          "schema_version": 0,
          "attributes": {
            "arn": "arn:aws:ec2:us-east-2:363412468025:network-interface/eni-045c1cb73704241d9",
            "attachment": [],
            "description": "passive-port3",
            "id": "eni-045c1cb73704241d9",
            "interface_type": "interface",
            "ipv4_prefix_count": 0,
            "ipv4_prefixes": [],
            "ipv6_address_count": 0,
            "ipv6_address_list": [],
            "ipv6_address_list_enabled": false,
            "ipv6_addresses": [],
            "ipv6_prefix_count": 0,
            "ipv6_prefixes": [],
            "mac_address": "06:97:31:1a:26:cd",
            "outpost_arn": "",
            "owner_id": "363412468025",
            "private_dns_name": "",
            "private_ip": "20.1.12.10",
            "private_ip_list": [
              "20.1.12.10"
            ],
            "private_ip_list_enabled": false,
            "private_ips": [
              "20.1.12.10"
            ],
            "private_ips_count": 0,
            "security_groups": [
              "sg-0d4a7252cbd55eb0b"
            ],
            "source_dest_check": false,
            "subnet_id": "subnet-0b1767eeb11ff8c03",
            "tags": null,
            "tags_all": {}
          },
          "sensitive_attributes": [],
          "private": "bnVsbA=="
        }
      ]
    },
    {
      "mode": "managed",
      "type": "aws_network_interface",
      "name": "passiveeth3",
      "provider": "provider[\"registry.terraform.io/hashicorp/aws\"]",
      "instances": [
        {
          "schema_version": 0,
          "attributes": {
            "arn": "arn:aws:ec2:us-east-2:363412468025:network-interface/eni-089e485cae270283c",
            "attachment": [],
            "description": "passive-port4",
            "id": "eni-089e485cae270283c",
            "interface_type": "interface",
            "ipv4_prefix_count": 0,
            "ipv4_prefixes": [],
            "ipv6_address_count": 0,
            "ipv6_address_list": [],
            "ipv6_address_list_enabled": false,
            "ipv6_addresses": [],
            "ipv6_prefix_count": 0,
            "ipv6_prefixes": [],
            "mac_address": "06:76:cf:46:2f:b3",
            "outpost_arn": "",
            "owner_id": "363412468025",
            "private_dns_name": "",
            "private_ip": "20.1.13.10",
            "private_ip_list": [
              "20.1.13.10"
            ],
            "private_ip_list_enabled": false,
            "private_ips": [
              "20.1.13.10"
            ],
            "private_ips_count": 0,
            "security_groups": [
              "sg-0d4a7252cbd55eb0b"
            ],
            "source_dest_check": true,
            "subnet_id": "subnet-0cce13e096f6e0da2",
            "tags": null,
            "tags_all": {}
          },
          "sensitive_attributes": [],
          "private": "bnVsbA=="
        }
      ]
    },
    {
      "mode": "managed",
      "type": "aws_network_interface_sg_attachment",
      "name": "hasyncattachment",
      "provider": "provider[\"registry.terraform.io/hashicorp/aws\"]",
      "instances": [
        {
          "schema_version": 0,
          "attributes": {
            "id": "sg-0287e97820e518d94_eni-0c3dfc6c0829baaa4",
            "network_interface_id": "eni-0c3dfc6c0829baaa4",
            "security_group_id": "sg-0287e97820e518d94"
          },
          "sensitive_attributes": [],
          "private": "bnVsbA==",
          "dependencies": [
            "aws_network_interface.eth2",
            "aws_security_group.allow_all"
          ]
        }
      ]
    },
    {
      "mode": "managed",
      "type": "aws_network_interface_sg_attachment",
      "name": "internalattachment",
      "provider": "provider[\"registry.terraform.io/hashicorp/aws\"]",
      "instances": [
        {
          "schema_version": 0,
          "attributes": {
            "id": "sg-0287e97820e518d94_eni-038679c32c252bdbf",
            "network_interface_id": "eni-038679c32c252bdbf",
            "security_group_id": "sg-0287e97820e518d94"
          },
          "sensitive_attributes": [],
          "private": "bnVsbA==",
          "dependencies": [
            "aws_network_interface.eth1",
            "aws_security_group.allow_all"
          ]
        }
      ]
    },
    {
      "mode": "managed",
      "type": "aws_network_interface_sg_attachment",
      "name": "mgmtattachment",
      "provider": "provider[\"registry.terraform.io/hashicorp/aws\"]",
      "instances": [
        {
          "schema_version": 0,
          "attributes": {
            "id": "sg-0c63dc8fb9a206a66_eni-044c92dc0899ff387",
            "network_interface_id": "eni-044c92dc0899ff387",
            "security_group_id": "sg-0c63dc8fb9a206a66"
          },
          "sensitive_attributes": [],
          "private": "bnVsbA==",
          "dependencies": [
            "aws_network_interface.eth3",
            "aws_security_group.public_allow"
          ]
        }
      ]
    },
    {
      "mode": "managed",
      "type": "aws_network_interface_sg_attachment",
      "name": "passivehasyncattachment",
      "provider": "provider[\"registry.terraform.io/hashicorp/aws\"]",
      "instances": [
        {
          "schema_version": 0,
          "attributes": {
            "id": "sg-0287e97820e518d94_eni-045c1cb73704241d9",
            "network_interface_id": "eni-045c1cb73704241d9",
            "security_group_id": "sg-0287e97820e518d94"
          },
          "sensitive_attributes": [],
          "private": "bnVsbA==",
          "dependencies": [
            "aws_network_interface.passiveeth2",
            "aws_security_group.allow_all"
          ]
        }
      ]
    },
    {
      "mode": "managed",
      "type": "aws_network_interface_sg_attachment",
      "name": "passiveinternalattachment",
      "provider": "provider[\"registry.terraform.io/hashicorp/aws\"]",
      "instances": [
        {
          "schema_version": 0,
          "attributes": {
            "id": "sg-0287e97820e518d94_eni-071737a60d58d98e7",
            "network_interface_id": "eni-071737a60d58d98e7",
            "security_group_id": "sg-0287e97820e518d94"
          },
          "sensitive_attributes": [],
          "private": "bnVsbA==",
          "dependencies": [
            "aws_network_interface.passiveeth1",
            "aws_security_group.allow_all"
          ]
        }
      ]
    },
    {
      "mode": "managed",
      "type": "aws_network_interface_sg_attachment",
      "name": "passivemgmtattachment",
      "provider": "provider[\"registry.terraform.io/hashicorp/aws\"]",
      "instances": [
        {
          "schema_version": 0,
          "attributes": {
            "id": "sg-0c63dc8fb9a206a66_eni-089e485cae270283c",
            "network_interface_id": "eni-089e485cae270283c",
            "security_group_id": "sg-0c63dc8fb9a206a66"
          },
          "sensitive_attributes": [],
          "private": "bnVsbA==",
          "dependencies": [
            "aws_network_interface.passiveeth3",
            "aws_security_group.public_allow"
          ]
        }
      ]
    },
    {
      "mode": "managed",
      "type": "aws_network_interface_sg_attachment",
      "name": "passivepublicattachment",
      "provider": "provider[\"registry.terraform.io/hashicorp/aws\"]",
      "instances": [
        {
          "schema_version": 0,
          "attributes": {
            "id": "sg-0c63dc8fb9a206a66_eni-0e23eeb3d5f0cf679",
            "network_interface_id": "eni-0e23eeb3d5f0cf679",
            "security_group_id": "sg-0c63dc8fb9a206a66"
          },
          "sensitive_attributes": [],
          "private": "bnVsbA==",
          "dependencies": [
            "aws_network_interface.passiveeth0",
            "aws_security_group.public_allow"
          ]
        }
      ]
    },
    {
      "mode": "managed",
      "type": "aws_network_interface_sg_attachment",
      "name": "publicattachment",
      "provider": "provider[\"registry.terraform.io/hashicorp/aws\"]",
      "instances": [
        {
          "schema_version": 0,
          "attributes": {
            "id": "sg-0c63dc8fb9a206a66_eni-0292adcf105c81b8d",
            "network_interface_id": "eni-0292adcf105c81b8d",
            "security_group_id": "sg-0c63dc8fb9a206a66"
          },
          "sensitive_attributes": [],
          "private": "bnVsbA==",
          "dependencies": [
            "aws_network_interface.eth0",
            "aws_security_group.public_allow"
          ]
        }
      ]
    },
    {
      "mode": "managed",
      "type": "aws_security_group",
      "name": "allow_all",
      "provider": "provider[\"registry.terraform.io/hashicorp/aws\"]",
      "instances": [
        {
          "schema_version": 1,
          "attributes": {
            "arn": "arn:aws:ec2:us-east-2:363412468025:security-group/sg-0287e97820e518d94",
            "description": "Allow all traffic",
            "egress": [
              {
                "cidr_blocks": [
                  "0.0.0.0/0"
                ],
                "description": "",
                "from_port": 0,
                "ipv6_cidr_blocks": [],
                "prefix_list_ids": [],
                "protocol": "-1",
                "security_groups": [],
                "self": false,
                "to_port": 0
              }
            ],
            "id": "sg-0287e97820e518d94",
            "ingress": [
              {
                "cidr_blocks": [
                  "0.0.0.0/0"
                ],
                "description": "",
                "from_port": 0,
                "ipv6_cidr_blocks": [],
                "prefix_list_ids": [],
                "protocol": "-1",
                "security_groups": [],
                "self": false,
                "to_port": 0
              }
            ],
            "name": "Allow All",
            "name_prefix": "",
            "owner_id": "363412468025",
            "revoke_rules_on_delete": false,
            "tags": {
              "Name": "Public Allow"
            },
            "tags_all": {
              "Name": "Public Allow"
            },
            "timeouts": null,
            "vpc_id": "vpc-060fdd524e9f8afc1"
          },
          "sensitive_attributes": [],
          "private": "eyJlMmJmYjczMC1lY2FhLTExZTYtOGY4OC0zNDM2M2JjN2M0YzAiOnsiY3JlYXRlIjo2MDAwMDAwMDAwMDAsImRlbGV0ZSI6OTAwMDAwMDAwMDAwfSwic2NoZW1hX3ZlcnNpb24iOiIxIn0="
        }
      ]
    },
    {
      "mode": "managed",
      "type": "aws_security_group",
      "name": "public_allow",
      "provider": "provider[\"registry.terraform.io/hashicorp/aws\"]",
      "instances": [
        {
          "schema_version": 1,
          "attributes": {
            "arn": "arn:aws:ec2:us-east-2:363412468025:security-group/sg-0c63dc8fb9a206a66",
            "description": "Public Allow traffic",
            "egress": [
              {
                "cidr_blocks": [
                  "0.0.0.0/0"
                ],
                "description": "",
                "from_port": 0,
                "ipv6_cidr_blocks": [],
                "prefix_list_ids": [],
                "protocol": "-1",
                "security_groups": [],
                "self": false,
                "to_port": 0
              }
            ],
            "id": "sg-0c63dc8fb9a206a66",
            "ingress": [
              {
                "cidr_blocks": [
                  "0.0.0.0/0"
                ],
                "description": "",
                "from_port": 22,
                "ipv6_cidr_blocks": [],
                "prefix_list_ids": [],
                "protocol": "tcp",
                "security_groups": [],
                "self": false,
                "to_port": 22
              },
              {
                "cidr_blocks": [
                  "0.0.0.0/0"
                ],
                "description": "",
                "from_port": 443,
                "ipv6_cidr_blocks": [],
                "prefix_list_ids": [],
                "protocol": "tcp",
                "security_groups": [],
                "self": false,
                "to_port": 443
              },
              {
                "cidr_blocks": [
                  "0.0.0.0/0"
                ],
                "description": "",
                "from_port": 8443,
                "ipv6_cidr_blocks": [],
                "prefix_list_ids": [],
                "protocol": "tcp",
                "security_groups": [],
                "self": false,
                "to_port": 8443
              }
            ],
            "name": "Public Allow",
            "name_prefix": "",
            "owner_id": "363412468025",
            "revoke_rules_on_delete": false,
            "tags": {
              "Name": "Public Allow"
            },
            "tags_all": {
              "Name": "Public Allow"
            },
            "timeouts": null,
            "vpc_id": "vpc-060fdd524e9f8afc1"
          },
          "sensitive_attributes": [],
          "private": "eyJlMmJmYjczMC1lY2FhLTExZTYtOGY4OC0zNDM2M2JjN2M0YzAiOnsiY3JlYXRlIjo2MDAwMDAwMDAwMDAsImRlbGV0ZSI6OTAwMDAwMDAwMDAwfSwic2NoZW1hX3ZlcnNpb24iOiIxIn0="
        }
      ]
    }
  ],
  "check_results": null
}
